
Microsoft Visual Studio Solution File, Format Version 12.00
# Visual Studio Version 17
VisualStudioVersion = 17.1.32319.34
MinimumVisualStudioVersion = 10.0.40219.1
Project("{FAE04EC0-301F-11D3-BF4B-00C04F79EFBC}") = "Vincent OS", "Vincent OS.csproj", "{F096ECA5-4B4D-4E1F-8772-E067C3982E51}"
EndProject
Global
	GlobalSection(SolutionConfigurationPlatforms) = preSolution
		Debug|Any CPU = Debug|Any CPU
		Release|Any CPU = Release|Any CPU
	EndGlobalSection
	GlobalSection(ProjectConfigurationPlatforms) = postSolution
		{F096ECA5-4B4D-4E1F-8772-E067C3982E51}.Debug|Any CPU.ActiveCfg = Debug|Any CPU
		{F096ECA5-4B4D-4E1F-8772-E067C3982E51}.Debug|Any CPU.Build.0 = Debug|Any CPU
		{F096ECA5-4B4D-4E1F-8772-E067C3982E51}.Release|Any CPU.ActiveCfg = Release|Any CPU
		{F096ECA5-4B4D-4E1F-8772-E067C3982E51}.Release|Any CPU.Build.0 = Release|Any CPU
	EndGlobalSection
	GlobalSection(SolutionProperties) = preSolution
		HideSolutionNode = FALSE
	EndGlobalSection
	GlobalSection(ExtensibilityGlobals) = postSolution
		SolutionGuid = {6821CB1B-78E1-4A76-B3C2-93F54EB8ED4B}
	EndGlobalSection
EndGlobal
